
Microsoft Visual Studio Solution File, Format Version 12.00
# Visual Studio Version 16
VisualStudioVersion = 16.0.30011.22
MinimumVisualStudioVersion = 10.0.40219.1
Project("{9A19103F-16F7-4668-BE54-9A1E7A4F7556}") = "FlipsPerformanceTests", "FlipsPerformanceTests\FlipsPerformanceTests.csproj", "{B75D5C70-7747-486A-A809-66431453789D}"
EndProject
Project("{6EC3EE1D-3C4E-46DD-8F32-0CC8E7565705}") = "LinearExpressionTests", "LinearExpressionTests\LinearExpressionTests.fsproj", "{6695B73B-81CC-41A8-AC9D-A31D670794CD}"
EndProject
Project("{6EC3EE1D-3C4E-46DD-8F32-0CC8E7565705}") = "Flips", "..\flips\Flips\Flips.fsproj", "{AB5FF964-6B33-438B-BB95-9CD8FF6C7DA8}"
EndProject
Project("{6EC3EE1D-3C4E-46DD-8F32-0CC8E7565705}") = "FlipsProfiling", "FlipsProfiling\FlipsProfiling.fsproj", "{1B2D6405-A11C-4794-B9FF-543A2AEF5576}"
EndProject
Global
	GlobalSection(SolutionConfigurationPlatforms) = preSolution
		Debug|Any CPU = Debug|Any CPU
		Debug|x64 = Debug|x64
		Release|Any CPU = Release|Any CPU
		Release|x64 = Release|x64
	EndGlobalSection
	GlobalSection(ProjectConfigurationPlatforms) = postSolution
		{B75D5C70-7747-486A-A809-66431453789D}.Debug|Any CPU.ActiveCfg = Debug|Any CPU
		{B75D5C70-7747-486A-A809-66431453789D}.Debug|Any CPU.Build.0 = Debug|Any CPU
		{B75D5C70-7747-486A-A809-66431453789D}.Debug|x64.ActiveCfg = Debug|x64
		{B75D5C70-7747-486A-A809-66431453789D}.Debug|x64.Build.0 = Debug|x64
		{B75D5C70-7747-486A-A809-66431453789D}.Release|Any CPU.ActiveCfg = Release|Any CPU
		{B75D5C70-7747-486A-A809-66431453789D}.Release|Any CPU.Build.0 = Release|Any CPU
		{B75D5C70-7747-486A-A809-66431453789D}.Release|x64.ActiveCfg = Release|x64
		{B75D5C70-7747-486A-A809-66431453789D}.Release|x64.Build.0 = Release|x64
		{6695B73B-81CC-41A8-AC9D-A31D670794CD}.Debug|Any CPU.ActiveCfg = Debug|Any CPU
		{6695B73B-81CC-41A8-AC9D-A31D670794CD}.Debug|Any CPU.Build.0 = Debug|Any CPU
		{6695B73B-81CC-41A8-AC9D-A31D670794CD}.Debug|x64.ActiveCfg = Debug|x64
		{6695B73B-81CC-41A8-AC9D-A31D670794CD}.Debug|x64.Build.0 = Debug|x64
		{6695B73B-81CC-41A8-AC9D-A31D670794CD}.Release|Any CPU.ActiveCfg = Release|Any CPU
		{6695B73B-81CC-41A8-AC9D-A31D670794CD}.Release|Any CPU.Build.0 = Release|Any CPU
		{6695B73B-81CC-41A8-AC9D-A31D670794CD}.Release|x64.ActiveCfg = Release|x64
		{6695B73B-81CC-41A8-AC9D-A31D670794CD}.Release|x64.Build.0 = Release|x64
		{AB5FF964-6B33-438B-BB95-9CD8FF6C7DA8}.Debug|Any CPU.ActiveCfg = Debug|Any CPU
		{AB5FF964-6B33-438B-BB95-9CD8FF6C7DA8}.Debug|Any CPU.Build.0 = Debug|Any CPU
		{AB5FF964-6B33-438B-BB95-9CD8FF6C7DA8}.Debug|x64.ActiveCfg = Debug|x64
		{AB5FF964-6B33-438B-BB95-9CD8FF6C7DA8}.Debug|x64.Build.0 = Debug|x64
		{AB5FF964-6B33-438B-BB95-9CD8FF6C7DA8}.Release|Any CPU.ActiveCfg = Release|Any CPU
		{AB5FF964-6B33-438B-BB95-9CD8FF6C7DA8}.Release|Any CPU.Build.0 = Release|Any CPU
		{AB5FF964-6B33-438B-BB95-9CD8FF6C7DA8}.Release|x64.ActiveCfg = Release|x64
		{AB5FF964-6B33-438B-BB95-9CD8FF6C7DA8}.Release|x64.Build.0 = Release|x64
		{1B2D6405-A11C-4794-B9FF-543A2AEF5576}.Debug|Any CPU.ActiveCfg = Debug|Any CPU
		{1B2D6405-A11C-4794-B9FF-543A2AEF5576}.Debug|Any CPU.Build.0 = Debug|Any CPU
		{1B2D6405-A11C-4794-B9FF-543A2AEF5576}.Debug|x64.ActiveCfg = Debug|x64
		{1B2D6405-A11C-4794-B9FF-543A2AEF5576}.Debug|x64.Build.0 = Debug|x64
		{1B2D6405-A11C-4794-B9FF-543A2AEF5576}.Release|Any CPU.ActiveCfg = Release|Any CPU
		{1B2D6405-A11C-4794-B9FF-543A2AEF5576}.Release|Any CPU.Build.0 = Release|Any CPU
		{1B2D6405-A11C-4794-B9FF-543A2AEF5576}.Release|x64.ActiveCfg = Release|x64
		{1B2D6405-A11C-4794-B9FF-543A2AEF5576}.Release|x64.Build.0 = Release|x64
	EndGlobalSection
	GlobalSection(SolutionProperties) = preSolution
		HideSolutionNode = FALSE
	EndGlobalSection
	GlobalSection(ExtensibilityGlobals) = postSolution
		SolutionGuid = {8FED45FD-9064-47BD-8D46-E4812C39C7A2}
	EndGlobalSection
EndGlobal
